{
  "name": "gpu-perf-agent",
  "version": "2.1.0",
  "lockfileVersion": 3,
  "requires": true,
  "packages": {
    "": {
      "name": "gpu-perf-agent",
      "version": "2.1.0",
      "license": "MIT",
      "bin": {
        "gpu-perf-agent": "src/cli.js",
        "webgpu-report": "src/cli.js"
      },
      "engines": {
        "node": ">=22"
      },
      "peerDependencies": {
        "playwright": "^1.60.0"
      },
      "peerDependenciesMeta": {
        "playwright": {
          "optional": true
        }
      }
    }
  }
}
